
Microsoft Visual Studio Solution File, Format Version 12.00
# Visual Studio Version 17
VisualStudioVersion = 17.3.32929.385
MinimumVisualStudioVersion = 10.0.40219.1
Project("{FAE04EC0-301F-11D3-BF4B-00C04F79EFBC}") = "GottaCatchEmAll", "GottaCatchEmAll.csproj", "{D737A477-5951-4DCD-84EB-E2F21A177010}"
EndProject
Global
	GlobalSection(SolutionConfigurationPlatforms) = preSolution
		Debug|Any CPU = Debug|Any CPU
		Release|Any CPU = Release|Any CPU
	EndGlobalSection
	GlobalSection(ProjectConfigurationPlatforms) = postSolution
		{D737A477-5951-4DCD-84EB-E2F21A177010}.Debug|Any CPU.ActiveCfg = Debug|Any CPU
		{D737A477-5951-4DCD-84EB-E2F21A177010}.Debug|Any CPU.Build.0 = Debug|Any CPU
		{D737A477-5951-4DCD-84EB-E2F21A177010}.Release|Any CPU.ActiveCfg = Release|Any CPU
		{D737A477-5951-4DCD-84EB-E2F21A177010}.Release|Any CPU.Build.0 = Release|Any CPU
	EndGlobalSection
	GlobalSection(SolutionProperties) = preSolution
		HideSolutionNode = FALSE
	EndGlobalSection
	GlobalSection(ExtensibilityGlobals) = postSolution
		SolutionGuid = {EB550092-866D-4FE7-92C1-98C5D2572C3C}
	EndGlobalSection
EndGlobal
