
Microsoft Visual Studio Solution File, Format Version 12.00
# Visual Studio Version 17
VisualStudioVersion = 17.5.33516.290
MinimumVisualStudioVersion = 10.0.40219.1
Project("{FAE04EC0-301F-11D3-BF4B-00C04F79EFBC}") = "LinkedListCycles", "LinkedListCycles.csproj", "{FA8073BE-F425-4E9C-8669-56D1910D6DF5}"
EndProject
Global
	GlobalSection(SolutionConfigurationPlatforms) = preSolution
		Debug|Any CPU = Debug|Any CPU
		Release|Any CPU = Release|Any CPU
	EndGlobalSection
	GlobalSection(ProjectConfigurationPlatforms) = postSolution
		{FA8073BE-F425-4E9C-8669-56D1910D6DF5}.Debug|Any CPU.ActiveCfg = Debug|Any CPU
		{FA8073BE-F425-4E9C-8669-56D1910D6DF5}.Debug|Any CPU.Build.0 = Debug|Any CPU
		{FA8073BE-F425-4E9C-8669-56D1910D6DF5}.Release|Any CPU.ActiveCfg = Release|Any CPU
		{FA8073BE-F425-4E9C-8669-56D1910D6DF5}.Release|Any CPU.Build.0 = Release|Any CPU
	EndGlobalSection
	GlobalSection(SolutionProperties) = preSolution
		HideSolutionNode = FALSE
	EndGlobalSection
	GlobalSection(ExtensibilityGlobals) = postSolution
		SolutionGuid = {1574A63C-C6D7-4837-B2ED-72940DA15958}
	EndGlobalSection
EndGlobal
